
Microsoft Visual Studio Solution File, Format Version 12.00
# Visual Studio Version 16
VisualStudioVersion = 16.0.30310.162
MinimumVisualStudioVersion = 10.0.40219.1
Project("{FAE04EC0-301F-11D3-BF4B-00C04F79EFBC}") = "WpfConnect", "WpfConnect.csproj", "{3DE53DCF-00AD-4614-9CFD-A342317E7347}"
EndProject
Global
	GlobalSection(SolutionConfigurationPlatforms) = preSolution
		Debug|Any CPU = Debug|Any CPU
		Release|Any CPU = Release|Any CPU
	EndGlobalSection
	GlobalSection(ProjectConfigurationPlatforms) = postSolution
		{3DE53DCF-00AD-4614-9CFD-A342317E7347}.Debug|Any CPU.ActiveCfg = Debug|Any CPU
		{3DE53DCF-00AD-4614-9CFD-A342317E7347}.Debug|Any CPU.Build.0 = Debug|Any CPU
		{3DE53DCF-00AD-4614-9CFD-A342317E7347}.Release|Any CPU.ActiveCfg = Release|Any CPU
		{3DE53DCF-00AD-4614-9CFD-A342317E7347}.Release|Any CPU.Build.0 = Release|Any CPU
	EndGlobalSection
	GlobalSection(SolutionProperties) = preSolution
		HideSolutionNode = FALSE
	EndGlobalSection
	GlobalSection(ExtensibilityGlobals) = postSolution
		SolutionGuid = {18629B67-9CB9-4089-A138-6C2BE0D43500}
	EndGlobalSection
EndGlobal
