
Microsoft Visual Studio Solution File, Format Version 12.00
# Visual Studio 15
VisualStudioVersion = 15.0.26124.0
MinimumVisualStudioVersion = 15.0.26124.0
Project("{FAE04EC0-301F-11D3-BF4B-00C04F79EFBC}") = "most-packages", "most-packages\most-packages.csproj", "{2653CF39-31AD-4423-9352-BE24DF8D21F3}"
EndProject
Project("{FAE04EC0-301F-11D3-BF4B-00C04F79EFBC}") = "more-packages", "more-packages\more-packages.csproj", "{0D678A4A-E7DF-41D7-B380-873E9404DAE8}"
EndProject
Project("{FAE04EC0-301F-11D3-BF4B-00C04F79EFBC}") = "wildcard-packages", "wildcard-packages\wildcard-packages.csproj", "{107EF765-FC88-44E3-829C-9FEA4C8CA48D}"
EndProject
Global
	GlobalSection(SolutionConfigurationPlatforms) = preSolution
		Debug|Any CPU = Debug|Any CPU
		Debug|x64 = Debug|x64
		Debug|x86 = Debug|x86
		Release|Any CPU = Release|Any CPU
		Release|x64 = Release|x64
		Release|x86 = Release|x86
	EndGlobalSection
	GlobalSection(SolutionProperties) = preSolution
		HideSolutionNode = FALSE
	EndGlobalSection
	GlobalSection(ProjectConfigurationPlatforms) = postSolution
		{2653CF39-31AD-4423-9352-BE24DF8D21F3}.Debug|Any CPU.ActiveCfg = Debug|Any CPU
		{2653CF39-31AD-4423-9352-BE24DF8D21F3}.Debug|Any CPU.Build.0 = Debug|Any CPU
		{2653CF39-31AD-4423-9352-BE24DF8D21F3}.Debug|x64.ActiveCfg = Debug|Any CPU
		{2653CF39-31AD-4423-9352-BE24DF8D21F3}.Debug|x64.Build.0 = Debug|Any CPU
		{2653CF39-31AD-4423-9352-BE24DF8D21F3}.Debug|x86.ActiveCfg = Debug|Any CPU
		{2653CF39-31AD-4423-9352-BE24DF8D21F3}.Debug|x86.Build.0 = Debug|Any CPU
		{2653CF39-31AD-4423-9352-BE24DF8D21F3}.Release|Any CPU.ActiveCfg = Release|Any CPU
		{2653CF39-31AD-4423-9352-BE24DF8D21F3}.Release|Any CPU.Build.0 = Release|Any CPU
		{2653CF39-31AD-4423-9352-BE24DF8D21F3}.Release|x64.ActiveCfg = Release|Any CPU
		{2653CF39-31AD-4423-9352-BE24DF8D21F3}.Release|x64.Build.0 = Release|Any CPU
		{2653CF39-31AD-4423-9352-BE24DF8D21F3}.Release|x86.ActiveCfg = Release|Any CPU
		{2653CF39-31AD-4423-9352-BE24DF8D21F3}.Release|x86.Build.0 = Release|Any CPU
		{0D678A4A-E7DF-41D7-B380-873E9404DAE8}.Debug|Any CPU.ActiveCfg = Debug|Any CPU
		{0D678A4A-E7DF-41D7-B380-873E9404DAE8}.Debug|Any CPU.Build.0 = Debug|Any CPU
		{0D678A4A-E7DF-41D7-B380-873E9404DAE8}.Debug|x64.ActiveCfg = Debug|Any CPU
		{0D678A4A-E7DF-41D7-B380-873E9404DAE8}.Debug|x64.Build.0 = Debug|Any CPU
		{0D678A4A-E7DF-41D7-B380-873E9404DAE8}.Debug|x86.ActiveCfg = Debug|Any CPU
		{0D678A4A-E7DF-41D7-B380-873E9404DAE8}.Debug|x86.Build.0 = Debug|Any CPU
		{0D678A4A-E7DF-41D7-B380-873E9404DAE8}.Release|Any CPU.ActiveCfg = Release|Any CPU
		{0D678A4A-E7DF-41D7-B380-873E9404DAE8}.Release|Any CPU.Build.0 = Release|Any CPU
		{0D678A4A-E7DF-41D7-B380-873E9404DAE8}.Release|x64.ActiveCfg = Release|Any CPU
		{0D678A4A-E7DF-41D7-B380-873E9404DAE8}.Release|x64.Build.0 = Release|Any CPU
		{0D678A4A-E7DF-41D7-B380-873E9404DAE8}.Release|x86.ActiveCfg = Release|Any CPU
		{0D678A4A-E7DF-41D7-B380-873E9404DAE8}.Release|x86.Build.0 = Release|Any CPU
		{107EF765-FC88-44E3-829C-9FEA4C8CA48D}.Debug|Any CPU.ActiveCfg = Debug|Any CPU
		{107EF765-FC88-44E3-829C-9FEA4C8CA48D}.Debug|Any CPU.Build.0 = Debug|Any CPU
		{107EF765-FC88-44E3-829C-9FEA4C8CA48D}.Debug|x64.ActiveCfg = Debug|Any CPU
		{107EF765-FC88-44E3-829C-9FEA4C8CA48D}.Debug|x64.Build.0 = Debug|Any CPU
		{107EF765-FC88-44E3-829C-9FEA4C8CA48D}.Debug|x86.ActiveCfg = Debug|Any CPU
		{107EF765-FC88-44E3-829C-9FEA4C8CA48D}.Debug|x86.Build.0 = Debug|Any CPU
		{107EF765-FC88-44E3-829C-9FEA4C8CA48D}.Release|Any CPU.ActiveCfg = Release|Any CPU
		{107EF765-FC88-44E3-829C-9FEA4C8CA48D}.Release|Any CPU.Build.0 = Release|Any CPU
		{107EF765-FC88-44E3-829C-9FEA4C8CA48D}.Release|x64.ActiveCfg = Release|Any CPU
		{107EF765-FC88-44E3-829C-9FEA4C8CA48D}.Release|x64.Build.0 = Release|Any CPU
		{107EF765-FC88-44E3-829C-9FEA4C8CA48D}.Release|x86.ActiveCfg = Release|Any CPU
		{107EF765-FC88-44E3-829C-9FEA4C8CA48D}.Release|x86.Build.0 = Release|Any CPU
	EndGlobalSection
EndGlobal
