
Microsoft Visual Studio Solution File, Format Version 12.00
# Visual Studio Version 16
VisualStudioVersion = 16.0.29326.143
MinimumVisualStudioVersion = 15.0.26124.0
Project("{9A19103F-16F7-4668-BE54-9A1E7A4F7556}") = "dotnet-interactive", "src\dotnet-interactive\dotnet-interactive.csproj", "{1A4A744F-FEF3-4361-A2E5-C5D496F7BFDC}"
EndProject
Project("{2150E333-8FDC-42A3-9474-1A3956D46DE8}") = "src", "src", "{B95A8485-8C53-4F56-B0CE-19C0726B5805}"
EndProject
Project("{2150E333-8FDC-42A3-9474-1A3956D46DE8}") = "tests", "tests", "{11BA3480-4584-435C-BA9A-8C554DB60E9F}"
EndProject
Project("{9A19103F-16F7-4668-BE54-9A1E7A4F7556}") = "Microsoft.DotNet.Interactive", "src\Microsoft.DotNet.Interactive\Microsoft.DotNet.Interactive.csproj", "{E3297A6A-95AA-4DAD-8DD1-971A45856BC2}"
EndProject
Project("{9A19103F-16F7-4668-BE54-9A1E7A4F7556}") = "Microsoft.DotNet.Interactive.CSharp", "src\Microsoft.DotNet.Interactive.CSharp\Microsoft.DotNet.Interactive.CSharp.csproj", "{F5E3CB90-0942-4F3D-9AB0-DBF468221D1D}"
EndProject
Project("{6EC3EE1D-3C4E-46DD-8F32-0CC8E7565705}") = "Microsoft.DotNet.Interactive.FSharp", "src\Microsoft.DotNet.Interactive.FSharp\Microsoft.DotNet.Interactive.FSharp.fsproj", "{6401A91F-46E9-4736-86A4-CED8F1037895}"
EndProject
Project("{9A19103F-16F7-4668-BE54-9A1E7A4F7556}") = "Microsoft.DotNet.Interactive.Formatting", "src\Microsoft.DotNet.Interactive.Formatting\Microsoft.DotNet.Interactive.Formatting.csproj", "{42CC26BA-8057-4654-B23C-E6A48475B381}"
EndProject
Project("{9A19103F-16F7-4668-BE54-9A1E7A4F7556}") = "Microsoft.DotNet.Interactive.Jupyter", "src\Microsoft.DotNet.Interactive.Jupyter\Microsoft.DotNet.Interactive.Jupyter.csproj", "{60D729D3-9A95-4905-8B59-A4352C7E2BF9}"
EndProject
Project("{9A19103F-16F7-4668-BE54-9A1E7A4F7556}") = "Microsoft.DotNet.Interactive.Jupyter.Tests", "src\Microsoft.DotNet.Interactive.Jupyter.Tests\Microsoft.DotNet.Interactive.Jupyter.Tests.csproj", "{A8028ABF-7D78-4ABA-B4F2-0657A1E5CF71}"
EndProject
Project("{9A19103F-16F7-4668-BE54-9A1E7A4F7556}") = "Microsoft.DotNet.Interactive.Telemetry", "src\Microsoft.DotNet.Interactive.Telemetry\Microsoft.DotNet.Interactive.Telemetry.csproj", "{047762BA-99B7-4BAF-B116-03EA585A43F4}"
EndProject
Project("{9A19103F-16F7-4668-BE54-9A1E7A4F7556}") = "Microsoft.DotNet.Interactive.Telemetry.Tests", "src\Microsoft.DotNet.Interactive.Telemetry.Tests\Microsoft.DotNet.Interactive.Telemetry.Tests.csproj", "{59C12CAD-2598-482B-A0F6-98BB2E4522EC}"
EndProject
Project("{9A19103F-16F7-4668-BE54-9A1E7A4F7556}") = "Microsoft.DotNet.Interactive.CSharp.Tests", "src\Microsoft.DotNet.Interactive.CSharp.Tests\Microsoft.DotNet.Interactive.CSharp.Tests.csproj", "{724D0614-92DC-44C4-AC7A-A92ED0A65762}"
EndProject
Project("{9A19103F-16F7-4668-BE54-9A1E7A4F7556}") = "Microsoft.DotNet.Interactive.Formatting.Tests", "src\Microsoft.DotNet.Interactive.Formatting.Tests\Microsoft.DotNet.Interactive.Formatting.Tests.csproj", "{E6717922-B03D-4541-944B-1442EBAD6059}"
EndProject
Project("{6EC3EE1D-3C4E-46DD-8F32-0CC8E7565705}") = "Microsoft.DotNet.Interactive.FSharp.Tests", "src\Microsoft.DotNet.Interactive.FSharp.Tests\Microsoft.DotNet.Interactive.FSharp.Tests.fsproj", "{8BF966AA-96BE-4E55-AD0F-8AEC90B0254F}"
EndProject
Project("{9A19103F-16F7-4668-BE54-9A1E7A4F7556}") = "Microsoft.DotNet.Interactive.Tests", "src\Microsoft.DotNet.Interactive.Tests\Microsoft.DotNet.Interactive.Tests.csproj", "{73136CC6-D968-4D2C-AD93-B23A78B2C7DF}"
EndProject
Project("{9A19103F-16F7-4668-BE54-9A1E7A4F7556}") = "dotnet-interactive.Tests", "src\dotnet-interactive.Tests\dotnet-interactive.Tests.csproj", "{5AA74BE6-5D52-43E5-8654-5F5640F65B8F}"
EndProject
Project("{9A19103F-16F7-4668-BE54-9A1E7A4F7556}") = "XPlot.DotNet.Interactive.KernelExtensions", "src\XPlot.DotNet.Interactive.KernelExtensions\XPlot.DotNet.Interactive.KernelExtensions.csproj", "{F3479E07-528D-42FD-829B-5A801A1C8562}"
EndProject
Project("{9A19103F-16F7-4668-BE54-9A1E7A4F7556}") = "dotnet-interactive.Profiler", "src\dotnet-interactive.Profiler\dotnet-interactive.Profiler.csproj", "{71098504-D54D-4F2B-AF1F-FD54C471067B}"
EndProject
Project("{9A19103F-16F7-4668-BE54-9A1E7A4F7556}") = "Microsoft.DotNet.Interactive.ExtensionLab", "src\Microsoft.DotNet.Interactive.ExtensionLab\Microsoft.DotNet.Interactive.ExtensionLab.csproj", "{594BA726-EBE0-4CE4-9364-B7208736977E}"
EndProject
Project("{9A19103F-16F7-4668-BE54-9A1E7A4F7556}") = "Microsoft.DotNet.Interactive.ExtensionLab.Tests", "src\Microsoft.DotNet.Interactive.ExtensionLab.Tests\Microsoft.DotNet.Interactive.ExtensionLab.Tests.csproj", "{499F936C-AE39-477B-821A-FF48F9E1A0D0}"
EndProject
Project("{9A19103F-16F7-4668-BE54-9A1E7A4F7556}") = "Microsoft.DotNet.Interactive.PowerShell", "src\Microsoft.DotNet.Interactive.PowerShell\Microsoft.DotNet.Interactive.PowerShell.csproj", "{CE412E28-8660-43CA-8E0B-293EAC624623}"
EndProject
Project("{9A19103F-16F7-4668-BE54-9A1E7A4F7556}") = "Microsoft.DotNet.Interactive.PowerShell.Tests", "src\Microsoft.DotNet.Interactive.PowerShell.Tests\Microsoft.DotNet.Interactive.PowerShell.Tests.csproj", "{30DE6920-EA82-4E4F-BFCA-1FF179FAA2DA}"
EndProject
Project("{9A19103F-16F7-4668-BE54-9A1E7A4F7556}") = "dotnet-interactive.IntegrationTests", "src\dotnet-interactive.IntegrationTests\dotnet-interactive.IntegrationTests.csproj", "{8017943B-B591-49C8-B957-40141B427AD9}"
EndProject
Project("{2150E333-8FDC-42A3-9474-1A3956D46DE8}") = "integration-tests", "integration-tests", "{979A5022-09CA-4258-B76D-CFDC31DA71E0}"
EndProject
Project("{9A19103F-16F7-4668-BE54-9A1E7A4F7556}") = "interface-generator", "src\interface-generator\interface-generator.csproj", "{9A091E80-D5EB-4DEF-8E38-B24B128393DF}"
EndProject
Project("{2150E333-8FDC-42A3-9474-1A3956D46DE8}") = "docs", "docs", "{4DD50BCA-133B-4594-8368-ED56939BAF6B}"
	ProjectSection(SolutionItems) = preProject
		docs\CreateBinder.md = docs\CreateBinder.md
		docs\display-output-csharp.md = docs\display-output-csharp.md
		docs\extending-dotnet-interactive.md = docs\extending-dotnet-interactive.md
		docs\formatting.md = docs\formatting.md
		docs\javascript-overview.md = docs\javascript-overview.md
		docs\kernels-overview.md = docs\kernels-overview.md
		docs\magic-commands.md = docs\magic-commands.md
		docs\NotebooksLocalExperience.md = docs\NotebooksLocalExperience.md
		docs\NotebooksOnBinder.md = docs\NotebooksOnBinder.md
		docs\nuget-overview.md = docs\nuget-overview.md
		docs\pocketview.md = docs\pocketview.md
		docs\polyglot.md = docs\polyglot.md
		docs\README.md = docs\README.md
		docs\small-factor-devices.md = docs\small-factor-devices.md
		docs\variable-sharing.md = docs\variable-sharing.md
	EndProjectSection
EndProject
Project("{9A19103F-16F7-4668-BE54-9A1E7A4F7556}") = "Microsoft.DotNet.Interactive.Http", "src\Microsoft.DotNet.Interactive.Http\Microsoft.DotNet.Interactive.Http.csproj", "{DE942DC3-B41B-45C5-9E01-3C4F042D3916}"
EndProject
Project("{9A19103F-16F7-4668-BE54-9A1E7A4F7556}") = "Microsoft.DotNet.Interactive.AspNetCore", "src\Microsoft.DotNet.Interactive.AspNetCore\Microsoft.DotNet.Interactive.AspNetCore.csproj", "{5167FC61-2FBF-4E0D-877E-C2DD354FB955}"
EndProject
Project("{9A19103F-16F7-4668-BE54-9A1E7A4F7556}") = "Microsoft.DotNet.Interactive.SqlServer", "src\Microsoft.DotNet.Interactive.SqlServer\Microsoft.DotNet.Interactive.SqlServer.csproj", "{EBDC3450-C4C0-42C6-8D53-85FEDF897664}"
EndProject
Project("{9A19103F-16F7-4668-BE54-9A1E7A4F7556}") = "Microsoft.DotNet.Interactive.SqlServer.Tests", "src\Microsoft.DotNet.Interactive.SqlServer.Tests\Microsoft.DotNet.Interactive.SqlServer.Tests.csproj", "{79FBB52B-BC6B-44F9-9DF0-F58F2DA83EE0}"
EndProject
Global
	GlobalSection(SolutionConfigurationPlatforms) = preSolution
		Debug|Any CPU = Debug|Any CPU
		Debug|x64 = Debug|x64
		Debug|x86 = Debug|x86
		Release|Any CPU = Release|Any CPU
		Release|x64 = Release|x64
		Release|x86 = Release|x86
	EndGlobalSection
	GlobalSection(ProjectConfigurationPlatforms) = postSolution
		{1A4A744F-FEF3-4361-A2E5-C5D496F7BFDC}.Debug|Any CPU.ActiveCfg = Debug|Any CPU
		{1A4A744F-FEF3-4361-A2E5-C5D496F7BFDC}.Debug|Any CPU.Build.0 = Debug|Any CPU
		{1A4A744F-FEF3-4361-A2E5-C5D496F7BFDC}.Debug|x64.ActiveCfg = Debug|Any CPU
		{1A4A744F-FEF3-4361-A2E5-C5D496F7BFDC}.Debug|x64.Build.0 = Debug|Any CPU
		{1A4A744F-FEF3-4361-A2E5-C5D496F7BFDC}.Debug|x86.ActiveCfg = Debug|Any CPU
		{1A4A744F-FEF3-4361-A2E5-C5D496F7BFDC}.Debug|x86.Build.0 = Debug|Any CPU
		{1A4A744F-FEF3-4361-A2E5-C5D496F7BFDC}.Release|Any CPU.ActiveCfg = Release|Any CPU
		{1A4A744F-FEF3-4361-A2E5-C5D496F7BFDC}.Release|Any CPU.Build.0 = Release|Any CPU
		{1A4A744F-FEF3-4361-A2E5-C5D496F7BFDC}.Release|x64.ActiveCfg = Release|Any CPU
		{1A4A744F-FEF3-4361-A2E5-C5D496F7BFDC}.Release|x64.Build.0 = Release|Any CPU
		{1A4A744F-FEF3-4361-A2E5-C5D496F7BFDC}.Release|x86.ActiveCfg = Release|Any CPU
		{1A4A744F-FEF3-4361-A2E5-C5D496F7BFDC}.Release|x86.Build.0 = Release|Any CPU
		{E3297A6A-95AA-4DAD-8DD1-971A45856BC2}.Debug|Any CPU.ActiveCfg = Debug|Any CPU
		{E3297A6A-95AA-4DAD-8DD1-971A45856BC2}.Debug|Any CPU.Build.0 = Debug|Any CPU
		{E3297A6A-95AA-4DAD-8DD1-971A45856BC2}.Debug|x64.ActiveCfg = Debug|Any CPU
		{E3297A6A-95AA-4DAD-8DD1-971A45856BC2}.Debug|x64.Build.0 = Debug|Any CPU
		{E3297A6A-95AA-4DAD-8DD1-971A45856BC2}.Debug|x86.ActiveCfg = Debug|Any CPU
		{E3297A6A-95AA-4DAD-8DD1-971A45856BC2}.Debug|x86.Build.0 = Debug|Any CPU
		{E3297A6A-95AA-4DAD-8DD1-971A45856BC2}.Release|Any CPU.ActiveCfg = Release|Any CPU
		{E3297A6A-95AA-4DAD-8DD1-971A45856BC2}.Release|Any CPU.Build.0 = Release|Any CPU
		{E3297A6A-95AA-4DAD-8DD1-971A45856BC2}.Release|x64.ActiveCfg = Release|Any CPU
		{E3297A6A-95AA-4DAD-8DD1-971A45856BC2}.Release|x64.Build.0 = Release|Any CPU
		{E3297A6A-95AA-4DAD-8DD1-971A45856BC2}.Release|x86.ActiveCfg = Release|Any CPU
		{E3297A6A-95AA-4DAD-8DD1-971A45856BC2}.Release|x86.Build.0 = Release|Any CPU
		{F5E3CB90-0942-4F3D-9AB0-DBF468221D1D}.Debug|Any CPU.ActiveCfg = Debug|Any CPU
		{F5E3CB90-0942-4F3D-9AB0-DBF468221D1D}.Debug|Any CPU.Build.0 = Debug|Any CPU
		{F5E3CB90-0942-4F3D-9AB0-DBF468221D1D}.Debug|x64.ActiveCfg = Debug|Any CPU
		{F5E3CB90-0942-4F3D-9AB0-DBF468221D1D}.Debug|x64.Build.0 = Debug|Any CPU
		{F5E3CB90-0942-4F3D-9AB0-DBF468221D1D}.Debug|x86.ActiveCfg = Debug|Any CPU
		{F5E3CB90-0942-4F3D-9AB0-DBF468221D1D}.Debug|x86.Build.0 = Debug|Any CPU
		{F5E3CB90-0942-4F3D-9AB0-DBF468221D1D}.Release|Any CPU.ActiveCfg = Release|Any CPU
		{F5E3CB90-0942-4F3D-9AB0-DBF468221D1D}.Release|Any CPU.Build.0 = Release|Any CPU
		{F5E3CB90-0942-4F3D-9AB0-DBF468221D1D}.Release|x64.ActiveCfg = Release|Any CPU
		{F5E3CB90-0942-4F3D-9AB0-DBF468221D1D}.Release|x64.Build.0 = Release|Any CPU
		{F5E3CB90-0942-4F3D-9AB0-DBF468221D1D}.Release|x86.ActiveCfg = Release|Any CPU
		{F5E3CB90-0942-4F3D-9AB0-DBF468221D1D}.Release|x86.Build.0 = Release|Any CPU
		{6401A91F-46E9-4736-86A4-CED8F1037895}.Debug|Any CPU.ActiveCfg = Debug|Any CPU
		{6401A91F-46E9-4736-86A4-CED8F1037895}.Debug|Any CPU.Build.0 = Debug|Any CPU
		{6401A91F-46E9-4736-86A4-CED8F1037895}.Debug|x64.ActiveCfg = Debug|Any CPU
		{6401A91F-46E9-4736-86A4-CED8F1037895}.Debug|x64.Build.0 = Debug|Any CPU
		{6401A91F-46E9-4736-86A4-CED8F1037895}.Debug|x86.ActiveCfg = Debug|Any CPU
		{6401A91F-46E9-4736-86A4-CED8F1037895}.Debug|x86.Build.0 = Debug|Any CPU
		{6401A91F-46E9-4736-86A4-CED8F1037895}.Release|Any CPU.ActiveCfg = Release|Any CPU
		{6401A91F-46E9-4736-86A4-CED8F1037895}.Release|Any CPU.Build.0 = Release|Any CPU
		{6401A91F-46E9-4736-86A4-CED8F1037895}.Release|x64.ActiveCfg = Release|Any CPU
		{6401A91F-46E9-4736-86A4-CED8F1037895}.Release|x64.Build.0 = Release|Any CPU
		{6401A91F-46E9-4736-86A4-CED8F1037895}.Release|x86.ActiveCfg = Release|Any CPU
		{6401A91F-46E9-4736-86A4-CED8F1037895}.Release|x86.Build.0 = Release|Any CPU
		{42CC26BA-8057-4654-B23C-E6A48475B381}.Debug|Any CPU.ActiveCfg = Debug|Any CPU
		{42CC26BA-8057-4654-B23C-E6A48475B381}.Debug|Any CPU.Build.0 = Debug|Any CPU
		{42CC26BA-8057-4654-B23C-E6A48475B381}.Debug|x64.ActiveCfg = Debug|Any CPU
		{42CC26BA-8057-4654-B23C-E6A48475B381}.Debug|x64.Build.0 = Debug|Any CPU
		{42CC26BA-8057-4654-B23C-E6A48475B381}.Debug|x86.ActiveCfg = Debug|Any CPU
		{42CC26BA-8057-4654-B23C-E6A48475B381}.Debug|x86.Build.0 = Debug|Any CPU
		{42CC26BA-8057-4654-B23C-E6A48475B381}.Release|Any CPU.ActiveCfg = Release|Any CPU
		{42CC26BA-8057-4654-B23C-E6A48475B381}.Release|Any CPU.Build.0 = Release|Any CPU
		{42CC26BA-8057-4654-B23C-E6A48475B381}.Release|x64.ActiveCfg = Release|Any CPU
		{42CC26BA-8057-4654-B23C-E6A48475B381}.Release|x64.Build.0 = Release|Any CPU
		{42CC26BA-8057-4654-B23C-E6A48475B381}.Release|x86.ActiveCfg = Release|Any CPU
		{42CC26BA-8057-4654-B23C-E6A48475B381}.Release|x86.Build.0 = Release|Any CPU
		{60D729D3-9A95-4905-8B59-A4352C7E2BF9}.Debug|Any CPU.ActiveCfg = Debug|Any CPU
		{60D729D3-9A95-4905-8B59-A4352C7E2BF9}.Debug|Any CPU.Build.0 = Debug|Any CPU
		{60D729D3-9A95-4905-8B59-A4352C7E2BF9}.Debug|x64.ActiveCfg = Debug|Any CPU
		{60D729D3-9A95-4905-8B59-A4352C7E2BF9}.Debug|x64.Build.0 = Debug|Any CPU
		{60D729D3-9A95-4905-8B59-A4352C7E2BF9}.Debug|x86.ActiveCfg = Debug|Any CPU
		{60D729D3-9A95-4905-8B59-A4352C7E2BF9}.Debug|x86.Build.0 = Debug|Any CPU
		{60D729D3-9A95-4905-8B59-A4352C7E2BF9}.Release|Any CPU.ActiveCfg = Release|Any CPU
		{60D729D3-9A95-4905-8B59-A4352C7E2BF9}.Release|Any CPU.Build.0 = Release|Any CPU
		{60D729D3-9A95-4905-8B59-A4352C7E2BF9}.Release|x64.ActiveCfg = Release|Any CPU
		{60D729D3-9A95-4905-8B59-A4352C7E2BF9}.Release|x64.Build.0 = Release|Any CPU
		{60D729D3-9A95-4905-8B59-A4352C7E2BF9}.Release|x86.ActiveCfg = Release|Any CPU
		{60D729D3-9A95-4905-8B59-A4352C7E2BF9}.Release|x86.Build.0 = Release|Any CPU
		{A8028ABF-7D78-4ABA-B4F2-0657A1E5CF71}.Debug|Any CPU.ActiveCfg = Debug|Any CPU
		{A8028ABF-7D78-4ABA-B4F2-0657A1E5CF71}.Debug|Any CPU.Build.0 = Debug|Any CPU
		{A8028ABF-7D78-4ABA-B4F2-0657A1E5CF71}.Debug|x64.ActiveCfg = Debug|Any CPU
		{A8028ABF-7D78-4ABA-B4F2-0657A1E5CF71}.Debug|x64.Build.0 = Debug|Any CPU
		{A8028ABF-7D78-4ABA-B4F2-0657A1E5CF71}.Debug|x86.ActiveCfg = Debug|Any CPU
		{A8028ABF-7D78-4ABA-B4F2-0657A1E5CF71}.Debug|x86.Build.0 = Debug|Any CPU
		{A8028ABF-7D78-4ABA-B4F2-0657A1E5CF71}.Release|Any CPU.ActiveCfg = Release|Any CPU
		{A8028ABF-7D78-4ABA-B4F2-0657A1E5CF71}.Release|Any CPU.Build.0 = Release|Any CPU
		{A8028ABF-7D78-4ABA-B4F2-0657A1E5CF71}.Release|x64.ActiveCfg = Release|Any CPU
		{A8028ABF-7D78-4ABA-B4F2-0657A1E5CF71}.Release|x64.Build.0 = Release|Any CPU
		{A8028ABF-7D78-4ABA-B4F2-0657A1E5CF71}.Release|x86.ActiveCfg = Release|Any CPU
		{A8028ABF-7D78-4ABA-B4F2-0657A1E5CF71}.Release|x86.Build.0 = Release|Any CPU
		{047762BA-99B7-4BAF-B116-03EA585A43F4}.Debug|Any CPU.ActiveCfg = Debug|Any CPU
		{047762BA-99B7-4BAF-B116-03EA585A43F4}.Debug|Any CPU.Build.0 = Debug|Any CPU
		{047762BA-99B7-4BAF-B116-03EA585A43F4}.Debug|x64.ActiveCfg = Debug|Any CPU
		{047762BA-99B7-4BAF-B116-03EA585A43F4}.Debug|x64.Build.0 = Debug|Any CPU
		{047762BA-99B7-4BAF-B116-03EA585A43F4}.Debug|x86.ActiveCfg = Debug|Any CPU
		{047762BA-99B7-4BAF-B116-03EA585A43F4}.Debug|x86.Build.0 = Debug|Any CPU
		{047762BA-99B7-4BAF-B116-03EA585A43F4}.Release|Any CPU.ActiveCfg = Release|Any CPU
		{047762BA-99B7-4BAF-B116-03EA585A43F4}.Release|Any CPU.Build.0 = Release|Any CPU
		{047762BA-99B7-4BAF-B116-03EA585A43F4}.Release|x64.ActiveCfg = Release|Any CPU
		{047762BA-99B7-4BAF-B116-03EA585A43F4}.Release|x64.Build.0 = Release|Any CPU
		{047762BA-99B7-4BAF-B116-03EA585A43F4}.Release|x86.ActiveCfg = Release|Any CPU
		{047762BA-99B7-4BAF-B116-03EA585A43F4}.Release|x86.Build.0 = Release|Any CPU
		{59C12CAD-2598-482B-A0F6-98BB2E4522EC}.Debug|Any CPU.ActiveCfg = Debug|Any CPU
		{59C12CAD-2598-482B-A0F6-98BB2E4522EC}.Debug|Any CPU.Build.0 = Debug|Any CPU
		{59C12CAD-2598-482B-A0F6-98BB2E4522EC}.Debug|x64.ActiveCfg = Debug|Any CPU
		{59C12CAD-2598-482B-A0F6-98BB2E4522EC}.Debug|x64.Build.0 = Debug|Any CPU
		{59C12CAD-2598-482B-A0F6-98BB2E4522EC}.Debug|x86.ActiveCfg = Debug|Any CPU
		{59C12CAD-2598-482B-A0F6-98BB2E4522EC}.Debug|x86.Build.0 = Debug|Any CPU
		{59C12CAD-2598-482B-A0F6-98BB2E4522EC}.Release|Any CPU.ActiveCfg = Release|Any CPU
		{59C12CAD-2598-482B-A0F6-98BB2E4522EC}.Release|Any CPU.Build.0 = Release|Any CPU
		{59C12CAD-2598-482B-A0F6-98BB2E4522EC}.Release|x64.ActiveCfg = Release|Any CPU
		{59C12CAD-2598-482B-A0F6-98BB2E4522EC}.Release|x64.Build.0 = Release|Any CPU
		{59C12CAD-2598-482B-A0F6-98BB2E4522EC}.Release|x86.ActiveCfg = Release|Any CPU
		{59C12CAD-2598-482B-A0F6-98BB2E4522EC}.Release|x86.Build.0 = Release|Any CPU
		{724D0614-92DC-44C4-AC7A-A92ED0A65762}.Debug|Any CPU.ActiveCfg = Debug|Any CPU
		{724D0614-92DC-44C4-AC7A-A92ED0A65762}.Debug|Any CPU.Build.0 = Debug|Any CPU
		{724D0614-92DC-44C4-AC7A-A92ED0A65762}.Debug|x64.ActiveCfg = Debug|Any CPU
		{724D0614-92DC-44C4-AC7A-A92ED0A65762}.Debug|x64.Build.0 = Debug|Any CPU
		{724D0614-92DC-44C4-AC7A-A92ED0A65762}.Debug|x86.ActiveCfg = Debug|Any CPU
		{724D0614-92DC-44C4-AC7A-A92ED0A65762}.Debug|x86.Build.0 = Debug|Any CPU
		{724D0614-92DC-44C4-AC7A-A92ED0A65762}.Release|Any CPU.ActiveCfg = Release|Any CPU
		{724D0614-92DC-44C4-AC7A-A92ED0A65762}.Release|Any CPU.Build.0 = Release|Any CPU
		{724D0614-92DC-44C4-AC7A-A92ED0A65762}.Release|x64.ActiveCfg = Release|Any CPU
		{724D0614-92DC-44C4-AC7A-A92ED0A65762}.Release|x64.Build.0 = Release|Any CPU
		{724D0614-92DC-44C4-AC7A-A92ED0A65762}.Release|x86.ActiveCfg = Release|Any CPU
		{724D0614-92DC-44C4-AC7A-A92ED0A65762}.Release|x86.Build.0 = Release|Any CPU
		{E6717922-B03D-4541-944B-1442EBAD6059}.Debug|Any CPU.ActiveCfg = Debug|Any CPU
		{E6717922-B03D-4541-944B-1442EBAD6059}.Debug|Any CPU.Build.0 = Debug|Any CPU
		{E6717922-B03D-4541-944B-1442EBAD6059}.Debug|x64.ActiveCfg = Debug|Any CPU
		{E6717922-B03D-4541-944B-1442EBAD6059}.Debug|x64.Build.0 = Debug|Any CPU
		{E6717922-B03D-4541-944B-1442EBAD6059}.Debug|x86.ActiveCfg = Debug|Any CPU
		{E6717922-B03D-4541-944B-1442EBAD6059}.Debug|x86.Build.0 = Debug|Any CPU
		{E6717922-B03D-4541-944B-1442EBAD6059}.Release|Any CPU.ActiveCfg = Release|Any CPU
		{E6717922-B03D-4541-944B-1442EBAD6059}.Release|Any CPU.Build.0 = Release|Any CPU
		{E6717922-B03D-4541-944B-1442EBAD6059}.Release|x64.ActiveCfg = Release|Any CPU
		{E6717922-B03D-4541-944B-1442EBAD6059}.Release|x64.Build.0 = Release|Any CPU
		{E6717922-B03D-4541-944B-1442EBAD6059}.Release|x86.ActiveCfg = Release|Any CPU
		{E6717922-B03D-4541-944B-1442EBAD6059}.Release|x86.Build.0 = Release|Any CPU
		{8BF966AA-96BE-4E55-AD0F-8AEC90B0254F}.Debug|Any CPU.ActiveCfg = Debug|Any CPU
		{8BF966AA-96BE-4E55-AD0F-8AEC90B0254F}.Debug|Any CPU.Build.0 = Debug|Any CPU
		{8BF966AA-96BE-4E55-AD0F-8AEC90B0254F}.Debug|x64.ActiveCfg = Debug|Any CPU
		{8BF966AA-96BE-4E55-AD0F-8AEC90B0254F}.Debug|x64.Build.0 = Debug|Any CPU
		{8BF966AA-96BE-4E55-AD0F-8AEC90B0254F}.Debug|x86.ActiveCfg = Debug|Any CPU
		{8BF966AA-96BE-4E55-AD0F-8AEC90B0254F}.Debug|x86.Build.0 = Debug|Any CPU
		{8BF966AA-96BE-4E55-AD0F-8AEC90B0254F}.Release|Any CPU.ActiveCfg = Release|Any CPU
		{8BF966AA-96BE-4E55-AD0F-8AEC90B0254F}.Release|Any CPU.Build.0 = Release|Any CPU
		{8BF966AA-96BE-4E55-AD0F-8AEC90B0254F}.Release|x64.ActiveCfg = Release|Any CPU
		{8BF966AA-96BE-4E55-AD0F-8AEC90B0254F}.Release|x64.Build.0 = Release|Any CPU
		{8BF966AA-96BE-4E55-AD0F-8AEC90B0254F}.Release|x86.ActiveCfg = Release|Any CPU
		{8BF966AA-96BE-4E55-AD0F-8AEC90B0254F}.Release|x86.Build.0 = Release|Any CPU
		{73136CC6-D968-4D2C-AD93-B23A78B2C7DF}.Debug|Any CPU.ActiveCfg = Debug|Any CPU
		{73136CC6-D968-4D2C-AD93-B23A78B2C7DF}.Debug|Any CPU.Build.0 = Debug|Any CPU
		{73136CC6-D968-4D2C-AD93-B23A78B2C7DF}.Debug|x64.ActiveCfg = Debug|Any CPU
		{73136CC6-D968-4D2C-AD93-B23A78B2C7DF}.Debug|x64.Build.0 = Debug|Any CPU
		{73136CC6-D968-4D2C-AD93-B23A78B2C7DF}.Debug|x86.ActiveCfg = Debug|Any CPU
		{73136CC6-D968-4D2C-AD93-B23A78B2C7DF}.Debug|x86.Build.0 = Debug|Any CPU
		{73136CC6-D968-4D2C-AD93-B23A78B2C7DF}.Release|Any CPU.ActiveCfg = Release|Any CPU
		{73136CC6-D968-4D2C-AD93-B23A78B2C7DF}.Release|Any CPU.Build.0 = Release|Any CPU
		{73136CC6-D968-4D2C-AD93-B23A78B2C7DF}.Release|x64.ActiveCfg = Release|Any CPU
		{73136CC6-D968-4D2C-AD93-B23A78B2C7DF}.Release|x64.Build.0 = Release|Any CPU
		{73136CC6-D968-4D2C-AD93-B23A78B2C7DF}.Release|x86.ActiveCfg = Release|Any CPU
		{73136CC6-D968-4D2C-AD93-B23A78B2C7DF}.Release|x86.Build.0 = Release|Any CPU
		{5AA74BE6-5D52-43E5-8654-5F5640F65B8F}.Debug|Any CPU.ActiveCfg = Debug|Any CPU
		{5AA74BE6-5D52-43E5-8654-5F5640F65B8F}.Debug|Any CPU.Build.0 = Debug|Any CPU
		{5AA74BE6-5D52-43E5-8654-5F5640F65B8F}.Debug|x64.ActiveCfg = Debug|Any CPU
		{5AA74BE6-5D52-43E5-8654-5F5640F65B8F}.Debug|x64.Build.0 = Debug|Any CPU
		{5AA74BE6-5D52-43E5-8654-5F5640F65B8F}.Debug|x86.ActiveCfg = Debug|Any CPU
		{5AA74BE6-5D52-43E5-8654-5F5640F65B8F}.Debug|x86.Build.0 = Debug|Any CPU
		{5AA74BE6-5D52-43E5-8654-5F5640F65B8F}.Release|Any CPU.ActiveCfg = Release|Any CPU
		{5AA74BE6-5D52-43E5-8654-5F5640F65B8F}.Release|Any CPU.Build.0 = Release|Any CPU
		{5AA74BE6-5D52-43E5-8654-5F5640F65B8F}.Release|x64.ActiveCfg = Release|Any CPU
		{5AA74BE6-5D52-43E5-8654-5F5640F65B8F}.Release|x64.Build.0 = Release|Any CPU
		{5AA74BE6-5D52-43E5-8654-5F5640F65B8F}.Release|x86.ActiveCfg = Release|Any CPU
		{5AA74BE6-5D52-43E5-8654-5F5640F65B8F}.Release|x86.Build.0 = Release|Any CPU
		{F3479E07-528D-42FD-829B-5A801A1C8562}.Debug|Any CPU.ActiveCfg = Debug|Any CPU
		{F3479E07-528D-42FD-829B-5A801A1C8562}.Debug|Any CPU.Build.0 = Debug|Any CPU
		{F3479E07-528D-42FD-829B-5A801A1C8562}.Debug|x64.ActiveCfg = Debug|Any CPU
		{F3479E07-528D-42FD-829B-5A801A1C8562}.Debug|x64.Build.0 = Debug|Any CPU
		{F3479E07-528D-42FD-829B-5A801A1C8562}.Debug|x86.ActiveCfg = Debug|Any CPU
		{F3479E07-528D-42FD-829B-5A801A1C8562}.Debug|x86.Build.0 = Debug|Any CPU
		{F3479E07-528D-42FD-829B-5A801A1C8562}.Release|Any CPU.ActiveCfg = Release|Any CPU
		{F3479E07-528D-42FD-829B-5A801A1C8562}.Release|Any CPU.Build.0 = Release|Any CPU
		{F3479E07-528D-42FD-829B-5A801A1C8562}.Release|x64.ActiveCfg = Release|Any CPU
		{F3479E07-528D-42FD-829B-5A801A1C8562}.Release|x64.Build.0 = Release|Any CPU
		{F3479E07-528D-42FD-829B-5A801A1C8562}.Release|x86.ActiveCfg = Release|Any CPU
		{F3479E07-528D-42FD-829B-5A801A1C8562}.Release|x86.Build.0 = Release|Any CPU
		{71098504-D54D-4F2B-AF1F-FD54C471067B}.Debug|Any CPU.ActiveCfg = Debug|Any CPU
		{71098504-D54D-4F2B-AF1F-FD54C471067B}.Debug|Any CPU.Build.0 = Debug|Any CPU
		{71098504-D54D-4F2B-AF1F-FD54C471067B}.Debug|x64.ActiveCfg = Debug|Any CPU
		{71098504-D54D-4F2B-AF1F-FD54C471067B}.Debug|x64.Build.0 = Debug|Any CPU
		{71098504-D54D-4F2B-AF1F-FD54C471067B}.Debug|x86.ActiveCfg = Debug|Any CPU
		{71098504-D54D-4F2B-AF1F-FD54C471067B}.Debug|x86.Build.0 = Debug|Any CPU
		{71098504-D54D-4F2B-AF1F-FD54C471067B}.Release|Any CPU.ActiveCfg = Release|Any CPU
		{71098504-D54D-4F2B-AF1F-FD54C471067B}.Release|Any CPU.Build.0 = Release|Any CPU
		{71098504-D54D-4F2B-AF1F-FD54C471067B}.Release|x64.ActiveCfg = Release|Any CPU
		{71098504-D54D-4F2B-AF1F-FD54C471067B}.Release|x64.Build.0 = Release|Any CPU
		{71098504-D54D-4F2B-AF1F-FD54C471067B}.Release|x86.ActiveCfg = Release|Any CPU
		{71098504-D54D-4F2B-AF1F-FD54C471067B}.Release|x86.Build.0 = Release|Any CPU
		{594BA726-EBE0-4CE4-9364-B7208736977E}.Debug|Any CPU.ActiveCfg = Debug|Any CPU
		{594BA726-EBE0-4CE4-9364-B7208736977E}.Debug|Any CPU.Build.0 = Debug|Any CPU
		{594BA726-EBE0-4CE4-9364-B7208736977E}.Debug|x64.ActiveCfg = Debug|Any CPU
		{594BA726-EBE0-4CE4-9364-B7208736977E}.Debug|x64.Build.0 = Debug|Any CPU
		{594BA726-EBE0-4CE4-9364-B7208736977E}.Debug|x86.ActiveCfg = Debug|Any CPU
		{594BA726-EBE0-4CE4-9364-B7208736977E}.Debug|x86.Build.0 = Debug|Any CPU
		{594BA726-EBE0-4CE4-9364-B7208736977E}.Release|Any CPU.ActiveCfg = Release|Any CPU
		{594BA726-EBE0-4CE4-9364-B7208736977E}.Release|Any CPU.Build.0 = Release|Any CPU
		{594BA726-EBE0-4CE4-9364-B7208736977E}.Release|x64.ActiveCfg = Release|Any CPU
		{594BA726-EBE0-4CE4-9364-B7208736977E}.Release|x64.Build.0 = Release|Any CPU
		{594BA726-EBE0-4CE4-9364-B7208736977E}.Release|x86.ActiveCfg = Release|Any CPU
		{594BA726-EBE0-4CE4-9364-B7208736977E}.Release|x86.Build.0 = Release|Any CPU
		{499F936C-AE39-477B-821A-FF48F9E1A0D0}.Debug|Any CPU.ActiveCfg = Debug|Any CPU
		{499F936C-AE39-477B-821A-FF48F9E1A0D0}.Debug|Any CPU.Build.0 = Debug|Any CPU
		{499F936C-AE39-477B-821A-FF48F9E1A0D0}.Debug|x64.ActiveCfg = Debug|Any CPU
		{499F936C-AE39-477B-821A-FF48F9E1A0D0}.Debug|x64.Build.0 = Debug|Any CPU
		{499F936C-AE39-477B-821A-FF48F9E1A0D0}.Debug|x86.ActiveCfg = Debug|Any CPU
		{499F936C-AE39-477B-821A-FF48F9E1A0D0}.Debug|x86.Build.0 = Debug|Any CPU
		{499F936C-AE39-477B-821A-FF48F9E1A0D0}.Release|Any CPU.ActiveCfg = Release|Any CPU
		{499F936C-AE39-477B-821A-FF48F9E1A0D0}.Release|Any CPU.Build.0 = Release|Any CPU
		{499F936C-AE39-477B-821A-FF48F9E1A0D0}.Release|x64.ActiveCfg = Release|Any CPU
		{499F936C-AE39-477B-821A-FF48F9E1A0D0}.Release|x64.Build.0 = Release|Any CPU
		{499F936C-AE39-477B-821A-FF48F9E1A0D0}.Release|x86.ActiveCfg = Release|Any CPU
		{499F936C-AE39-477B-821A-FF48F9E1A0D0}.Release|x86.Build.0 = Release|Any CPU
		{CE412E28-8660-43CA-8E0B-293EAC624623}.Debug|Any CPU.ActiveCfg = Debug|Any CPU
		{CE412E28-8660-43CA-8E0B-293EAC624623}.Debug|Any CPU.Build.0 = Debug|Any CPU
		{CE412E28-8660-43CA-8E0B-293EAC624623}.Debug|x64.ActiveCfg = Debug|Any CPU
		{CE412E28-8660-43CA-8E0B-293EAC624623}.Debug|x64.Build.0 = Debug|Any CPU
		{CE412E28-8660-43CA-8E0B-293EAC624623}.Debug|x86.ActiveCfg = Debug|Any CPU
		{CE412E28-8660-43CA-8E0B-293EAC624623}.Debug|x86.Build.0 = Debug|Any CPU
		{CE412E28-8660-43CA-8E0B-293EAC624623}.Release|Any CPU.ActiveCfg = Release|Any CPU
		{CE412E28-8660-43CA-8E0B-293EAC624623}.Release|Any CPU.Build.0 = Release|Any CPU
		{CE412E28-8660-43CA-8E0B-293EAC624623}.Release|x64.ActiveCfg = Release|Any CPU
		{CE412E28-8660-43CA-8E0B-293EAC624623}.Release|x64.Build.0 = Release|Any CPU
		{CE412E28-8660-43CA-8E0B-293EAC624623}.Release|x86.ActiveCfg = Release|Any CPU
		{CE412E28-8660-43CA-8E0B-293EAC624623}.Release|x86.Build.0 = Release|Any CPU
		{30DE6920-EA82-4E4F-BFCA-1FF179FAA2DA}.Debug|Any CPU.ActiveCfg = Debug|Any CPU
		{30DE6920-EA82-4E4F-BFCA-1FF179FAA2DA}.Debug|Any CPU.Build.0 = Debug|Any CPU
		{30DE6920-EA82-4E4F-BFCA-1FF179FAA2DA}.Debug|x64.ActiveCfg = Debug|Any CPU
		{30DE6920-EA82-4E4F-BFCA-1FF179FAA2DA}.Debug|x64.Build.0 = Debug|Any CPU
		{30DE6920-EA82-4E4F-BFCA-1FF179FAA2DA}.Debug|x86.ActiveCfg = Debug|Any CPU
		{30DE6920-EA82-4E4F-BFCA-1FF179FAA2DA}.Debug|x86.Build.0 = Debug|Any CPU
		{30DE6920-EA82-4E4F-BFCA-1FF179FAA2DA}.Release|Any CPU.ActiveCfg = Release|Any CPU
		{30DE6920-EA82-4E4F-BFCA-1FF179FAA2DA}.Release|Any CPU.Build.0 = Release|Any CPU
		{30DE6920-EA82-4E4F-BFCA-1FF179FAA2DA}.Release|x64.ActiveCfg = Release|Any CPU
		{30DE6920-EA82-4E4F-BFCA-1FF179FAA2DA}.Release|x64.Build.0 = Release|Any CPU
		{30DE6920-EA82-4E4F-BFCA-1FF179FAA2DA}.Release|x86.ActiveCfg = Release|Any CPU
		{30DE6920-EA82-4E4F-BFCA-1FF179FAA2DA}.Release|x86.Build.0 = Release|Any CPU
		{8017943B-B591-49C8-B957-40141B427AD9}.Debug|Any CPU.ActiveCfg = Debug|Any CPU
		{8017943B-B591-49C8-B957-40141B427AD9}.Debug|Any CPU.Build.0 = Debug|Any CPU
		{8017943B-B591-49C8-B957-40141B427AD9}.Debug|x64.ActiveCfg = Debug|Any CPU
		{8017943B-B591-49C8-B957-40141B427AD9}.Debug|x64.Build.0 = Debug|Any CPU
		{8017943B-B591-49C8-B957-40141B427AD9}.Debug|x86.ActiveCfg = Debug|Any CPU
		{8017943B-B591-49C8-B957-40141B427AD9}.Debug|x86.Build.0 = Debug|Any CPU
		{8017943B-B591-49C8-B957-40141B427AD9}.Release|Any CPU.ActiveCfg = Release|Any CPU
		{8017943B-B591-49C8-B957-40141B427AD9}.Release|Any CPU.Build.0 = Release|Any CPU
		{8017943B-B591-49C8-B957-40141B427AD9}.Release|x64.ActiveCfg = Release|Any CPU
		{8017943B-B591-49C8-B957-40141B427AD9}.Release|x64.Build.0 = Release|Any CPU
		{8017943B-B591-49C8-B957-40141B427AD9}.Release|x86.ActiveCfg = Release|Any CPU
		{8017943B-B591-49C8-B957-40141B427AD9}.Release|x86.Build.0 = Release|Any CPU
		{9A091E80-D5EB-4DEF-8E38-B24B128393DF}.Debug|Any CPU.ActiveCfg = Debug|Any CPU
		{9A091E80-D5EB-4DEF-8E38-B24B128393DF}.Debug|Any CPU.Build.0 = Debug|Any CPU
		{9A091E80-D5EB-4DEF-8E38-B24B128393DF}.Debug|x64.ActiveCfg = Debug|Any CPU
		{9A091E80-D5EB-4DEF-8E38-B24B128393DF}.Debug|x64.Build.0 = Debug|Any CPU
		{9A091E80-D5EB-4DEF-8E38-B24B128393DF}.Debug|x86.ActiveCfg = Debug|Any CPU
		{9A091E80-D5EB-4DEF-8E38-B24B128393DF}.Debug|x86.Build.0 = Debug|Any CPU
		{9A091E80-D5EB-4DEF-8E38-B24B128393DF}.Release|Any CPU.ActiveCfg = Release|Any CPU
		{9A091E80-D5EB-4DEF-8E38-B24B128393DF}.Release|Any CPU.Build.0 = Release|Any CPU
		{9A091E80-D5EB-4DEF-8E38-B24B128393DF}.Release|x64.ActiveCfg = Release|Any CPU
		{9A091E80-D5EB-4DEF-8E38-B24B128393DF}.Release|x64.Build.0 = Release|Any CPU
		{9A091E80-D5EB-4DEF-8E38-B24B128393DF}.Release|x86.ActiveCfg = Release|Any CPU
		{9A091E80-D5EB-4DEF-8E38-B24B128393DF}.Release|x86.Build.0 = Release|Any CPU
		{DE942DC3-B41B-45C5-9E01-3C4F042D3916}.Debug|Any CPU.ActiveCfg = Debug|Any CPU
		{DE942DC3-B41B-45C5-9E01-3C4F042D3916}.Debug|Any CPU.Build.0 = Debug|Any CPU
		{DE942DC3-B41B-45C5-9E01-3C4F042D3916}.Debug|x64.ActiveCfg = Debug|Any CPU
		{DE942DC3-B41B-45C5-9E01-3C4F042D3916}.Debug|x64.Build.0 = Debug|Any CPU
		{DE942DC3-B41B-45C5-9E01-3C4F042D3916}.Debug|x86.ActiveCfg = Debug|Any CPU
		{DE942DC3-B41B-45C5-9E01-3C4F042D3916}.Debug|x86.Build.0 = Debug|Any CPU
		{DE942DC3-B41B-45C5-9E01-3C4F042D3916}.Release|Any CPU.ActiveCfg = Release|Any CPU
		{DE942DC3-B41B-45C5-9E01-3C4F042D3916}.Release|Any CPU.Build.0 = Release|Any CPU
		{DE942DC3-B41B-45C5-9E01-3C4F042D3916}.Release|x64.ActiveCfg = Release|Any CPU
		{DE942DC3-B41B-45C5-9E01-3C4F042D3916}.Release|x64.Build.0 = Release|Any CPU
		{DE942DC3-B41B-45C5-9E01-3C4F042D3916}.Release|x86.ActiveCfg = Release|Any CPU
		{DE942DC3-B41B-45C5-9E01-3C4F042D3916}.Release|x86.Build.0 = Release|Any CPU
		{5167FC61-2FBF-4E0D-877E-C2DD354FB955}.Debug|Any CPU.ActiveCfg = Debug|Any CPU
		{5167FC61-2FBF-4E0D-877E-C2DD354FB955}.Debug|Any CPU.Build.0 = Debug|Any CPU
		{5167FC61-2FBF-4E0D-877E-C2DD354FB955}.Debug|x64.ActiveCfg = Debug|Any CPU
		{5167FC61-2FBF-4E0D-877E-C2DD354FB955}.Debug|x64.Build.0 = Debug|Any CPU
		{5167FC61-2FBF-4E0D-877E-C2DD354FB955}.Debug|x86.ActiveCfg = Debug|Any CPU
		{5167FC61-2FBF-4E0D-877E-C2DD354FB955}.Debug|x86.Build.0 = Debug|Any CPU
		{5167FC61-2FBF-4E0D-877E-C2DD354FB955}.Release|Any CPU.ActiveCfg = Release|Any CPU
		{5167FC61-2FBF-4E0D-877E-C2DD354FB955}.Release|Any CPU.Build.0 = Release|Any CPU
		{5167FC61-2FBF-4E0D-877E-C2DD354FB955}.Release|x64.ActiveCfg = Release|Any CPU
		{5167FC61-2FBF-4E0D-877E-C2DD354FB955}.Release|x64.Build.0 = Release|Any CPU
		{5167FC61-2FBF-4E0D-877E-C2DD354FB955}.Release|x86.ActiveCfg = Release|Any CPU
		{5167FC61-2FBF-4E0D-877E-C2DD354FB955}.Release|x86.Build.0 = Release|Any CPU
		{EBDC3450-C4C0-42C6-8D53-85FEDF897664}.Debug|Any CPU.ActiveCfg = Debug|Any CPU
		{EBDC3450-C4C0-42C6-8D53-85FEDF897664}.Debug|Any CPU.Build.0 = Debug|Any CPU
		{EBDC3450-C4C0-42C6-8D53-85FEDF897664}.Debug|x64.ActiveCfg = Debug|Any CPU
		{EBDC3450-C4C0-42C6-8D53-85FEDF897664}.Debug|x64.Build.0 = Debug|Any CPU
		{EBDC3450-C4C0-42C6-8D53-85FEDF897664}.Debug|x86.ActiveCfg = Debug|Any CPU
		{EBDC3450-C4C0-42C6-8D53-85FEDF897664}.Debug|x86.Build.0 = Debug|Any CPU
		{EBDC3450-C4C0-42C6-8D53-85FEDF897664}.Release|Any CPU.ActiveCfg = Release|Any CPU
		{EBDC3450-C4C0-42C6-8D53-85FEDF897664}.Release|Any CPU.Build.0 = Release|Any CPU
		{EBDC3450-C4C0-42C6-8D53-85FEDF897664}.Release|x64.ActiveCfg = Release|Any CPU
		{EBDC3450-C4C0-42C6-8D53-85FEDF897664}.Release|x64.Build.0 = Release|Any CPU
		{EBDC3450-C4C0-42C6-8D53-85FEDF897664}.Release|x86.ActiveCfg = Release|Any CPU
		{EBDC3450-C4C0-42C6-8D53-85FEDF897664}.Release|x86.Build.0 = Release|Any CPU
		{79FBB52B-BC6B-44F9-9DF0-F58F2DA83EE0}.Debug|Any CPU.ActiveCfg = Debug|Any CPU
		{79FBB52B-BC6B-44F9-9DF0-F58F2DA83EE0}.Debug|Any CPU.Build.0 = Debug|Any CPU
		{79FBB52B-BC6B-44F9-9DF0-F58F2DA83EE0}.Debug|x64.ActiveCfg = Debug|Any CPU
		{79FBB52B-BC6B-44F9-9DF0-F58F2DA83EE0}.Debug|x64.Build.0 = Debug|Any CPU
		{79FBB52B-BC6B-44F9-9DF0-F58F2DA83EE0}.Debug|x86.ActiveCfg = Debug|Any CPU
		{79FBB52B-BC6B-44F9-9DF0-F58F2DA83EE0}.Debug|x86.Build.0 = Debug|Any CPU
		{79FBB52B-BC6B-44F9-9DF0-F58F2DA83EE0}.Release|Any CPU.ActiveCfg = Release|Any CPU
		{79FBB52B-BC6B-44F9-9DF0-F58F2DA83EE0}.Release|Any CPU.Build.0 = Release|Any CPU
		{79FBB52B-BC6B-44F9-9DF0-F58F2DA83EE0}.Release|x64.ActiveCfg = Release|Any CPU
		{79FBB52B-BC6B-44F9-9DF0-F58F2DA83EE0}.Release|x64.Build.0 = Release|Any CPU
		{79FBB52B-BC6B-44F9-9DF0-F58F2DA83EE0}.Release|x86.ActiveCfg = Release|Any CPU
		{79FBB52B-BC6B-44F9-9DF0-F58F2DA83EE0}.Release|x86.Build.0 = Release|Any CPU
	EndGlobalSection
	GlobalSection(SolutionProperties) = preSolution
		HideSolutionNode = FALSE
	EndGlobalSection
	GlobalSection(NestedProjects) = preSolution
		{1A4A744F-FEF3-4361-A2E5-C5D496F7BFDC} = {B95A8485-8C53-4F56-B0CE-19C0726B5805}
		{E3297A6A-95AA-4DAD-8DD1-971A45856BC2} = {B95A8485-8C53-4F56-B0CE-19C0726B5805}
		{F5E3CB90-0942-4F3D-9AB0-DBF468221D1D} = {B95A8485-8C53-4F56-B0CE-19C0726B5805}
		{6401A91F-46E9-4736-86A4-CED8F1037895} = {B95A8485-8C53-4F56-B0CE-19C0726B5805}
		{42CC26BA-8057-4654-B23C-E6A48475B381} = {B95A8485-8C53-4F56-B0CE-19C0726B5805}
		{60D729D3-9A95-4905-8B59-A4352C7E2BF9} = {B95A8485-8C53-4F56-B0CE-19C0726B5805}
		{A8028ABF-7D78-4ABA-B4F2-0657A1E5CF71} = {11BA3480-4584-435C-BA9A-8C554DB60E9F}
		{047762BA-99B7-4BAF-B116-03EA585A43F4} = {B95A8485-8C53-4F56-B0CE-19C0726B5805}
		{59C12CAD-2598-482B-A0F6-98BB2E4522EC} = {11BA3480-4584-435C-BA9A-8C554DB60E9F}
		{724D0614-92DC-44C4-AC7A-A92ED0A65762} = {11BA3480-4584-435C-BA9A-8C554DB60E9F}
		{E6717922-B03D-4541-944B-1442EBAD6059} = {11BA3480-4584-435C-BA9A-8C554DB60E9F}
		{8BF966AA-96BE-4E55-AD0F-8AEC90B0254F} = {11BA3480-4584-435C-BA9A-8C554DB60E9F}
		{73136CC6-D968-4D2C-AD93-B23A78B2C7DF} = {11BA3480-4584-435C-BA9A-8C554DB60E9F}
		{5AA74BE6-5D52-43E5-8654-5F5640F65B8F} = {11BA3480-4584-435C-BA9A-8C554DB60E9F}
		{F3479E07-528D-42FD-829B-5A801A1C8562} = {B95A8485-8C53-4F56-B0CE-19C0726B5805}
		{71098504-D54D-4F2B-AF1F-FD54C471067B} = {11BA3480-4584-435C-BA9A-8C554DB60E9F}
		{594BA726-EBE0-4CE4-9364-B7208736977E} = {B95A8485-8C53-4F56-B0CE-19C0726B5805}
		{499F936C-AE39-477B-821A-FF48F9E1A0D0} = {11BA3480-4584-435C-BA9A-8C554DB60E9F}
		{CE412E28-8660-43CA-8E0B-293EAC624623} = {B95A8485-8C53-4F56-B0CE-19C0726B5805}
		{30DE6920-EA82-4E4F-BFCA-1FF179FAA2DA} = {11BA3480-4584-435C-BA9A-8C554DB60E9F}
		{8017943B-B591-49C8-B957-40141B427AD9} = {979A5022-09CA-4258-B76D-CFDC31DA71E0}
		{9A091E80-D5EB-4DEF-8E38-B24B128393DF} = {B95A8485-8C53-4F56-B0CE-19C0726B5805}
		{DE942DC3-B41B-45C5-9E01-3C4F042D3916} = {B95A8485-8C53-4F56-B0CE-19C0726B5805}
		{5167FC61-2FBF-4E0D-877E-C2DD354FB955} = {B95A8485-8C53-4F56-B0CE-19C0726B5805}
		{EBDC3450-C4C0-42C6-8D53-85FEDF897664} = {B95A8485-8C53-4F56-B0CE-19C0726B5805}
		{79FBB52B-BC6B-44F9-9DF0-F58F2DA83EE0} = {11BA3480-4584-435C-BA9A-8C554DB60E9F}
	EndGlobalSection
	GlobalSection(ExtensibilityGlobals) = postSolution
		SolutionGuid = {6D05A9AF-CFFB-4187-8599-574387B76727}
	EndGlobalSection
EndGlobal
