
Microsoft Visual Studio Solution File, Format Version 12.00
# Visual Studio Version 17
VisualStudioVersion = 17.0.31416.335
MinimumVisualStudioVersion = 15.0.26124.0
Project("{9A19103F-16F7-4668-BE54-9A1E7A4F7556}") = "Library", "Library\Library.csproj", "{E7FDB749-942D-4C06-BA48-C1FBB1C103A7}"
EndProject
Project("{9A19103F-16F7-4668-BE54-9A1E7A4F7556}") = "Library.InteractiveExtension", "Library.InteractiveExtension\Library.InteractiveExtension.csproj", "{6DF11BC7-99F4-472F-B9F0-737334113B7C}"
EndProject
Project("{9A19103F-16F7-4668-BE54-9A1E7A4F7556}") = "Library.nuget", "Library.nuget\Library.nuget.csproj", "{83A70A97-8430-4424-8E7C-B08485180FFF}"
EndProject
Project("{9A19103F-16F7-4668-BE54-9A1E7A4F7556}") = "ClockExtension", "ClockExtension\ClockExtension.csproj", "{4A2A0BD0-5F73-4C23-A0AC-57E10B975D3C}"
EndProject
Project("{9A19103F-16F7-4668-BE54-9A1E7A4F7556}") = "SampleExtensions.Tests", "SampleExtensions.Tests\SampleExtensions.Tests.csproj", "{90D01D42-C395-4E43-9B04-10CB24F66F85}"
EndProject
Project("{9A19103F-16F7-4668-BE54-9A1E7A4F7556}") = "RandomNumber", "RandomNumber\RandomNumber.csproj", "{1DEAF849-6D46-4067-82E5-B5E25092BA97}"
EndProject
Global
	GlobalSection(SolutionConfigurationPlatforms) = preSolution
		Debug|Any CPU = Debug|Any CPU
		Debug|x64 = Debug|x64
		Debug|x86 = Debug|x86
		Release|Any CPU = Release|Any CPU
		Release|x64 = Release|x64
		Release|x86 = Release|x86
	EndGlobalSection
	GlobalSection(ProjectConfigurationPlatforms) = postSolution
		{E7FDB749-942D-4C06-BA48-C1FBB1C103A7}.Debug|Any CPU.ActiveCfg = Debug|Any CPU
		{E7FDB749-942D-4C06-BA48-C1FBB1C103A7}.Debug|Any CPU.Build.0 = Debug|Any CPU
		{E7FDB749-942D-4C06-BA48-C1FBB1C103A7}.Debug|x64.ActiveCfg = Debug|Any CPU
		{E7FDB749-942D-4C06-BA48-C1FBB1C103A7}.Debug|x64.Build.0 = Debug|Any CPU
		{E7FDB749-942D-4C06-BA48-C1FBB1C103A7}.Debug|x86.ActiveCfg = Debug|Any CPU
		{E7FDB749-942D-4C06-BA48-C1FBB1C103A7}.Debug|x86.Build.0 = Debug|Any CPU
		{E7FDB749-942D-4C06-BA48-C1FBB1C103A7}.Release|Any CPU.ActiveCfg = Release|Any CPU
		{E7FDB749-942D-4C06-BA48-C1FBB1C103A7}.Release|Any CPU.Build.0 = Release|Any CPU
		{E7FDB749-942D-4C06-BA48-C1FBB1C103A7}.Release|x64.ActiveCfg = Release|Any CPU
		{E7FDB749-942D-4C06-BA48-C1FBB1C103A7}.Release|x64.Build.0 = Release|Any CPU
		{E7FDB749-942D-4C06-BA48-C1FBB1C103A7}.Release|x86.ActiveCfg = Release|Any CPU
		{E7FDB749-942D-4C06-BA48-C1FBB1C103A7}.Release|x86.Build.0 = Release|Any CPU
		{6DF11BC7-99F4-472F-B9F0-737334113B7C}.Debug|Any CPU.ActiveCfg = Debug|Any CPU
		{6DF11BC7-99F4-472F-B9F0-737334113B7C}.Debug|Any CPU.Build.0 = Debug|Any CPU
		{6DF11BC7-99F4-472F-B9F0-737334113B7C}.Debug|x64.ActiveCfg = Debug|Any CPU
		{6DF11BC7-99F4-472F-B9F0-737334113B7C}.Debug|x64.Build.0 = Debug|Any CPU
		{6DF11BC7-99F4-472F-B9F0-737334113B7C}.Debug|x86.ActiveCfg = Debug|Any CPU
		{6DF11BC7-99F4-472F-B9F0-737334113B7C}.Debug|x86.Build.0 = Debug|Any CPU
		{6DF11BC7-99F4-472F-B9F0-737334113B7C}.Release|Any CPU.ActiveCfg = Release|Any CPU
		{6DF11BC7-99F4-472F-B9F0-737334113B7C}.Release|Any CPU.Build.0 = Release|Any CPU
		{6DF11BC7-99F4-472F-B9F0-737334113B7C}.Release|x64.ActiveCfg = Release|Any CPU
		{6DF11BC7-99F4-472F-B9F0-737334113B7C}.Release|x64.Build.0 = Release|Any CPU
		{6DF11BC7-99F4-472F-B9F0-737334113B7C}.Release|x86.ActiveCfg = Release|Any CPU
		{6DF11BC7-99F4-472F-B9F0-737334113B7C}.Release|x86.Build.0 = Release|Any CPU
		{83A70A97-8430-4424-8E7C-B08485180FFF}.Debug|Any CPU.ActiveCfg = Debug|Any CPU
		{83A70A97-8430-4424-8E7C-B08485180FFF}.Debug|Any CPU.Build.0 = Debug|Any CPU
		{83A70A97-8430-4424-8E7C-B08485180FFF}.Debug|x64.ActiveCfg = Debug|Any CPU
		{83A70A97-8430-4424-8E7C-B08485180FFF}.Debug|x64.Build.0 = Debug|Any CPU
		{83A70A97-8430-4424-8E7C-B08485180FFF}.Debug|x86.ActiveCfg = Debug|Any CPU
		{83A70A97-8430-4424-8E7C-B08485180FFF}.Debug|x86.Build.0 = Debug|Any CPU
		{83A70A97-8430-4424-8E7C-B08485180FFF}.Release|Any CPU.ActiveCfg = Release|Any CPU
		{83A70A97-8430-4424-8E7C-B08485180FFF}.Release|Any CPU.Build.0 = Release|Any CPU
		{83A70A97-8430-4424-8E7C-B08485180FFF}.Release|x64.ActiveCfg = Release|Any CPU
		{83A70A97-8430-4424-8E7C-B08485180FFF}.Release|x64.Build.0 = Release|Any CPU
		{83A70A97-8430-4424-8E7C-B08485180FFF}.Release|x86.ActiveCfg = Release|Any CPU
		{83A70A97-8430-4424-8E7C-B08485180FFF}.Release|x86.Build.0 = Release|Any CPU
		{4A2A0BD0-5F73-4C23-A0AC-57E10B975D3C}.Debug|Any CPU.ActiveCfg = Debug|Any CPU
		{4A2A0BD0-5F73-4C23-A0AC-57E10B975D3C}.Debug|Any CPU.Build.0 = Debug|Any CPU
		{4A2A0BD0-5F73-4C23-A0AC-57E10B975D3C}.Debug|x64.ActiveCfg = Debug|Any CPU
		{4A2A0BD0-5F73-4C23-A0AC-57E10B975D3C}.Debug|x64.Build.0 = Debug|Any CPU
		{4A2A0BD0-5F73-4C23-A0AC-57E10B975D3C}.Debug|x86.ActiveCfg = Debug|Any CPU
		{4A2A0BD0-5F73-4C23-A0AC-57E10B975D3C}.Debug|x86.Build.0 = Debug|Any CPU
		{4A2A0BD0-5F73-4C23-A0AC-57E10B975D3C}.Release|Any CPU.ActiveCfg = Release|Any CPU
		{4A2A0BD0-5F73-4C23-A0AC-57E10B975D3C}.Release|Any CPU.Build.0 = Release|Any CPU
		{4A2A0BD0-5F73-4C23-A0AC-57E10B975D3C}.Release|x64.ActiveCfg = Release|Any CPU
		{4A2A0BD0-5F73-4C23-A0AC-57E10B975D3C}.Release|x64.Build.0 = Release|Any CPU
		{4A2A0BD0-5F73-4C23-A0AC-57E10B975D3C}.Release|x86.ActiveCfg = Release|Any CPU
		{4A2A0BD0-5F73-4C23-A0AC-57E10B975D3C}.Release|x86.Build.0 = Release|Any CPU
		{90D01D42-C395-4E43-9B04-10CB24F66F85}.Debug|Any CPU.ActiveCfg = Debug|Any CPU
		{90D01D42-C395-4E43-9B04-10CB24F66F85}.Debug|Any CPU.Build.0 = Debug|Any CPU
		{90D01D42-C395-4E43-9B04-10CB24F66F85}.Debug|x64.ActiveCfg = Debug|Any CPU
		{90D01D42-C395-4E43-9B04-10CB24F66F85}.Debug|x64.Build.0 = Debug|Any CPU
		{90D01D42-C395-4E43-9B04-10CB24F66F85}.Debug|x86.ActiveCfg = Debug|Any CPU
		{90D01D42-C395-4E43-9B04-10CB24F66F85}.Debug|x86.Build.0 = Debug|Any CPU
		{90D01D42-C395-4E43-9B04-10CB24F66F85}.Release|Any CPU.ActiveCfg = Release|Any CPU
		{90D01D42-C395-4E43-9B04-10CB24F66F85}.Release|Any CPU.Build.0 = Release|Any CPU
		{90D01D42-C395-4E43-9B04-10CB24F66F85}.Release|x64.ActiveCfg = Release|Any CPU
		{90D01D42-C395-4E43-9B04-10CB24F66F85}.Release|x64.Build.0 = Release|Any CPU
		{90D01D42-C395-4E43-9B04-10CB24F66F85}.Release|x86.ActiveCfg = Release|Any CPU
		{90D01D42-C395-4E43-9B04-10CB24F66F85}.Release|x86.Build.0 = Release|Any CPU
		{1DEAF849-6D46-4067-82E5-B5E25092BA97}.Debug|Any CPU.ActiveCfg = Debug|Any CPU
		{1DEAF849-6D46-4067-82E5-B5E25092BA97}.Debug|Any CPU.Build.0 = Debug|Any CPU
		{1DEAF849-6D46-4067-82E5-B5E25092BA97}.Debug|x64.ActiveCfg = Debug|Any CPU
		{1DEAF849-6D46-4067-82E5-B5E25092BA97}.Debug|x64.Build.0 = Debug|Any CPU
		{1DEAF849-6D46-4067-82E5-B5E25092BA97}.Debug|x86.ActiveCfg = Debug|Any CPU
		{1DEAF849-6D46-4067-82E5-B5E25092BA97}.Debug|x86.Build.0 = Debug|Any CPU
		{1DEAF849-6D46-4067-82E5-B5E25092BA97}.Release|Any CPU.ActiveCfg = Release|Any CPU
		{1DEAF849-6D46-4067-82E5-B5E25092BA97}.Release|Any CPU.Build.0 = Release|Any CPU
		{1DEAF849-6D46-4067-82E5-B5E25092BA97}.Release|x64.ActiveCfg = Release|Any CPU
		{1DEAF849-6D46-4067-82E5-B5E25092BA97}.Release|x64.Build.0 = Release|Any CPU
		{1DEAF849-6D46-4067-82E5-B5E25092BA97}.Release|x86.ActiveCfg = Release|Any CPU
		{1DEAF849-6D46-4067-82E5-B5E25092BA97}.Release|x86.Build.0 = Release|Any CPU
	EndGlobalSection
	GlobalSection(SolutionProperties) = preSolution
		HideSolutionNode = FALSE
	EndGlobalSection
	GlobalSection(ExtensibilityGlobals) = postSolution
		SolutionGuid = {FC60BC0A-6B4C-4446-879D-DA6B2EA3591E}
	EndGlobalSection
EndGlobal
