
Microsoft Visual Studio Solution File, Format Version 12.00
# Visual Studio Version 16
VisualStudioVersion = 16.0.30621.155
MinimumVisualStudioVersion = 15.0.26124.0
Project("{9A19103F-16F7-4668-BE54-9A1E7A4F7556}") = "Microsoft.SqlTools.ServiceLayer", "Microsoft.SqlTools.ServiceLayer.csproj", "{802ACBB5-88CB-434D-93DC-B24C8A5B0122}"
	ProjectSection(ProjectDependencies) = postProject
		{11BC910F-0EFA-4735-B5D9-0C77DC1C534F} = {11BC910F-0EFA-4735-B5D9-0C77DC1C534F}
		{63E2EF3F-2BE8-4DD9-94CB-EDC2B16AECF4} = {63E2EF3F-2BE8-4DD9-94CB-EDC2B16AECF4}
		{7F72F948-03A6-4C89-89F2-297A29CC9606} = {7F72F948-03A6-4C89-89F2-297A29CC9606}
		{D2621C53-8EFC-4626-83D8-9FB7DC08AC52} = {D2621C53-8EFC-4626-83D8-9FB7DC08AC52}
		{98F20CBA-B64F-4F14-A373-0F826BD0DA23} = {98F20CBA-B64F-4F14-A373-0F826BD0DA23}
		{69C37EBB-F00B-431E-A4C3-0E6E577212CF} = {69C37EBB-F00B-431E-A4C3-0E6E577212CF}
	EndProjectSection
EndProject
Project("{9A19103F-16F7-4668-BE54-9A1E7A4F7556}") = "runtime.osx-x64.runtime.native.Microsoft.SqlTools.ServiceLayer", "runtime.osx-x64.runtime.native.Microsoft.SqlTools.ServiceLayer\runtime.osx-x64.runtime.native.Microsoft.SqlTools.ServiceLayer.csproj", "{D2621C53-8EFC-4626-83D8-9FB7DC08AC52}"
EndProject
Project("{9A19103F-16F7-4668-BE54-9A1E7A4F7556}") = "runtime.rhel-x64.runtime.native.Microsoft.SqlTools.ServiceLayer", "runtime.rhel-x64.runtime.native.Microsoft.SqlTools.ServiceLayer\runtime.rhel-x64.runtime.native.Microsoft.SqlTools.ServiceLayer.csproj", "{63E2EF3F-2BE8-4DD9-94CB-EDC2B16AECF4}"
EndProject
Project("{9A19103F-16F7-4668-BE54-9A1E7A4F7556}") = "runtime.win10-arm64.runtime.native.Microsoft.SqlTools.ServiceLayer", "runtime.win10-arm64.runtime.native.Microsoft.SqlTools.ServiceLayer\runtime.win10-arm64.runtime.native.Microsoft.SqlTools.ServiceLayer.csproj", "{69C37EBB-F00B-431E-A4C3-0E6E577212CF}"
EndProject
Project("{9A19103F-16F7-4668-BE54-9A1E7A4F7556}") = "runtime.win-x64.runtime.native.Microsoft.SqlTools.ServiceLayer", "runtime.win-x64.runtime.native.Microsoft.SqlTools.ServiceLayer\runtime.win-x64.runtime.native.Microsoft.SqlTools.ServiceLayer.csproj", "{7F72F948-03A6-4C89-89F2-297A29CC9606}"
EndProject
Project("{9A19103F-16F7-4668-BE54-9A1E7A4F7556}") = "runtime.win-x86.runtime.native.Microsoft.SqlTools.ServiceLayer", "runtime.win-x86.runtime.native.Microsoft.SqlTools.ServiceLayer\runtime.win-x86.runtime.native.Microsoft.SqlTools.ServiceLayer.csproj", "{11BC910F-0EFA-4735-B5D9-0C77DC1C534F}"
EndProject
Project("{9A19103F-16F7-4668-BE54-9A1E7A4F7556}") = "runtime.win10-arm.runtime.native.Microsoft.SqlTools.ServiceLayer", "runtime.win10-arm.runtime.native.Microsoft.SqlTools.ServiceLayer\runtime.win10-arm.runtime.native.Microsoft.SqlTools.ServiceLayer.csproj", "{98F20CBA-B64F-4F14-A373-0F826BD0DA23}"
EndProject
Global
	GlobalSection(SolutionConfigurationPlatforms) = preSolution
		Debug|Any CPU = Debug|Any CPU
		Debug|x64 = Debug|x64
		Debug|x86 = Debug|x86
		Release|Any CPU = Release|Any CPU
		Release|x64 = Release|x64
		Release|x86 = Release|x86
	EndGlobalSection
	GlobalSection(ProjectConfigurationPlatforms) = postSolution
		{802ACBB5-88CB-434D-93DC-B24C8A5B0122}.Debug|Any CPU.ActiveCfg = Debug|Any CPU
		{802ACBB5-88CB-434D-93DC-B24C8A5B0122}.Debug|Any CPU.Build.0 = Debug|Any CPU
		{802ACBB5-88CB-434D-93DC-B24C8A5B0122}.Debug|x64.ActiveCfg = Debug|Any CPU
		{802ACBB5-88CB-434D-93DC-B24C8A5B0122}.Debug|x64.Build.0 = Debug|Any CPU
		{802ACBB5-88CB-434D-93DC-B24C8A5B0122}.Debug|x86.ActiveCfg = Debug|Any CPU
		{802ACBB5-88CB-434D-93DC-B24C8A5B0122}.Debug|x86.Build.0 = Debug|Any CPU
		{802ACBB5-88CB-434D-93DC-B24C8A5B0122}.Release|Any CPU.ActiveCfg = Release|Any CPU
		{802ACBB5-88CB-434D-93DC-B24C8A5B0122}.Release|Any CPU.Build.0 = Release|Any CPU
		{802ACBB5-88CB-434D-93DC-B24C8A5B0122}.Release|x64.ActiveCfg = Release|Any CPU
		{802ACBB5-88CB-434D-93DC-B24C8A5B0122}.Release|x64.Build.0 = Release|Any CPU
		{802ACBB5-88CB-434D-93DC-B24C8A5B0122}.Release|x86.ActiveCfg = Release|Any CPU
		{802ACBB5-88CB-434D-93DC-B24C8A5B0122}.Release|x86.Build.0 = Release|Any CPU
		{D2621C53-8EFC-4626-83D8-9FB7DC08AC52}.Debug|Any CPU.ActiveCfg = Debug|Any CPU
		{D2621C53-8EFC-4626-83D8-9FB7DC08AC52}.Debug|Any CPU.Build.0 = Debug|Any CPU
		{D2621C53-8EFC-4626-83D8-9FB7DC08AC52}.Debug|x64.ActiveCfg = Debug|Any CPU
		{D2621C53-8EFC-4626-83D8-9FB7DC08AC52}.Debug|x64.Build.0 = Debug|Any CPU
		{D2621C53-8EFC-4626-83D8-9FB7DC08AC52}.Debug|x86.ActiveCfg = Debug|Any CPU
		{D2621C53-8EFC-4626-83D8-9FB7DC08AC52}.Debug|x86.Build.0 = Debug|Any CPU
		{D2621C53-8EFC-4626-83D8-9FB7DC08AC52}.Release|Any CPU.ActiveCfg = Release|Any CPU
		{D2621C53-8EFC-4626-83D8-9FB7DC08AC52}.Release|Any CPU.Build.0 = Release|Any CPU
		{D2621C53-8EFC-4626-83D8-9FB7DC08AC52}.Release|x64.ActiveCfg = Release|Any CPU
		{D2621C53-8EFC-4626-83D8-9FB7DC08AC52}.Release|x64.Build.0 = Release|Any CPU
		{D2621C53-8EFC-4626-83D8-9FB7DC08AC52}.Release|x86.ActiveCfg = Release|Any CPU
		{D2621C53-8EFC-4626-83D8-9FB7DC08AC52}.Release|x86.Build.0 = Release|Any CPU
		{63E2EF3F-2BE8-4DD9-94CB-EDC2B16AECF4}.Debug|Any CPU.ActiveCfg = Debug|Any CPU
		{63E2EF3F-2BE8-4DD9-94CB-EDC2B16AECF4}.Debug|Any CPU.Build.0 = Debug|Any CPU
		{63E2EF3F-2BE8-4DD9-94CB-EDC2B16AECF4}.Debug|x64.ActiveCfg = Debug|Any CPU
		{63E2EF3F-2BE8-4DD9-94CB-EDC2B16AECF4}.Debug|x64.Build.0 = Debug|Any CPU
		{63E2EF3F-2BE8-4DD9-94CB-EDC2B16AECF4}.Debug|x86.ActiveCfg = Debug|Any CPU
		{63E2EF3F-2BE8-4DD9-94CB-EDC2B16AECF4}.Debug|x86.Build.0 = Debug|Any CPU
		{63E2EF3F-2BE8-4DD9-94CB-EDC2B16AECF4}.Release|Any CPU.ActiveCfg = Release|Any CPU
		{63E2EF3F-2BE8-4DD9-94CB-EDC2B16AECF4}.Release|Any CPU.Build.0 = Release|Any CPU
		{63E2EF3F-2BE8-4DD9-94CB-EDC2B16AECF4}.Release|x64.ActiveCfg = Release|Any CPU
		{63E2EF3F-2BE8-4DD9-94CB-EDC2B16AECF4}.Release|x64.Build.0 = Release|Any CPU
		{63E2EF3F-2BE8-4DD9-94CB-EDC2B16AECF4}.Release|x86.ActiveCfg = Release|Any CPU
		{63E2EF3F-2BE8-4DD9-94CB-EDC2B16AECF4}.Release|x86.Build.0 = Release|Any CPU
		{69C37EBB-F00B-431E-A4C3-0E6E577212CF}.Debug|Any CPU.ActiveCfg = Debug|Any CPU
		{69C37EBB-F00B-431E-A4C3-0E6E577212CF}.Debug|Any CPU.Build.0 = Debug|Any CPU
		{69C37EBB-F00B-431E-A4C3-0E6E577212CF}.Debug|x64.ActiveCfg = Debug|Any CPU
		{69C37EBB-F00B-431E-A4C3-0E6E577212CF}.Debug|x64.Build.0 = Debug|Any CPU
		{69C37EBB-F00B-431E-A4C3-0E6E577212CF}.Debug|x86.ActiveCfg = Debug|Any CPU
		{69C37EBB-F00B-431E-A4C3-0E6E577212CF}.Debug|x86.Build.0 = Debug|Any CPU
		{69C37EBB-F00B-431E-A4C3-0E6E577212CF}.Release|Any CPU.ActiveCfg = Release|Any CPU
		{69C37EBB-F00B-431E-A4C3-0E6E577212CF}.Release|Any CPU.Build.0 = Release|Any CPU
		{69C37EBB-F00B-431E-A4C3-0E6E577212CF}.Release|x64.ActiveCfg = Release|Any CPU
		{69C37EBB-F00B-431E-A4C3-0E6E577212CF}.Release|x64.Build.0 = Release|Any CPU
		{69C37EBB-F00B-431E-A4C3-0E6E577212CF}.Release|x86.ActiveCfg = Release|Any CPU
		{69C37EBB-F00B-431E-A4C3-0E6E577212CF}.Release|x86.Build.0 = Release|Any CPU
		{7F72F948-03A6-4C89-89F2-297A29CC9606}.Debug|Any CPU.ActiveCfg = Debug|Any CPU
		{7F72F948-03A6-4C89-89F2-297A29CC9606}.Debug|Any CPU.Build.0 = Debug|Any CPU
		{7F72F948-03A6-4C89-89F2-297A29CC9606}.Debug|x64.ActiveCfg = Debug|Any CPU
		{7F72F948-03A6-4C89-89F2-297A29CC9606}.Debug|x64.Build.0 = Debug|Any CPU
		{7F72F948-03A6-4C89-89F2-297A29CC9606}.Debug|x86.ActiveCfg = Debug|Any CPU
		{7F72F948-03A6-4C89-89F2-297A29CC9606}.Debug|x86.Build.0 = Debug|Any CPU
		{7F72F948-03A6-4C89-89F2-297A29CC9606}.Release|Any CPU.ActiveCfg = Release|Any CPU
		{7F72F948-03A6-4C89-89F2-297A29CC9606}.Release|Any CPU.Build.0 = Release|Any CPU
		{7F72F948-03A6-4C89-89F2-297A29CC9606}.Release|x64.ActiveCfg = Release|Any CPU
		{7F72F948-03A6-4C89-89F2-297A29CC9606}.Release|x64.Build.0 = Release|Any CPU
		{7F72F948-03A6-4C89-89F2-297A29CC9606}.Release|x86.ActiveCfg = Release|Any CPU
		{7F72F948-03A6-4C89-89F2-297A29CC9606}.Release|x86.Build.0 = Release|Any CPU
		{11BC910F-0EFA-4735-B5D9-0C77DC1C534F}.Debug|Any CPU.ActiveCfg = Debug|Any CPU
		{11BC910F-0EFA-4735-B5D9-0C77DC1C534F}.Debug|Any CPU.Build.0 = Debug|Any CPU
		{11BC910F-0EFA-4735-B5D9-0C77DC1C534F}.Debug|x64.ActiveCfg = Debug|Any CPU
		{11BC910F-0EFA-4735-B5D9-0C77DC1C534F}.Debug|x64.Build.0 = Debug|Any CPU
		{11BC910F-0EFA-4735-B5D9-0C77DC1C534F}.Debug|x86.ActiveCfg = Debug|Any CPU
		{11BC910F-0EFA-4735-B5D9-0C77DC1C534F}.Debug|x86.Build.0 = Debug|Any CPU
		{11BC910F-0EFA-4735-B5D9-0C77DC1C534F}.Release|Any CPU.ActiveCfg = Release|Any CPU
		{11BC910F-0EFA-4735-B5D9-0C77DC1C534F}.Release|Any CPU.Build.0 = Release|Any CPU
		{11BC910F-0EFA-4735-B5D9-0C77DC1C534F}.Release|x64.ActiveCfg = Release|Any CPU
		{11BC910F-0EFA-4735-B5D9-0C77DC1C534F}.Release|x64.Build.0 = Release|Any CPU
		{11BC910F-0EFA-4735-B5D9-0C77DC1C534F}.Release|x86.ActiveCfg = Release|Any CPU
		{11BC910F-0EFA-4735-B5D9-0C77DC1C534F}.Release|x86.Build.0 = Release|Any CPU
		{98F20CBA-B64F-4F14-A373-0F826BD0DA23}.Debug|Any CPU.ActiveCfg = Debug|Any CPU
		{98F20CBA-B64F-4F14-A373-0F826BD0DA23}.Debug|Any CPU.Build.0 = Debug|Any CPU
		{98F20CBA-B64F-4F14-A373-0F826BD0DA23}.Debug|x64.ActiveCfg = Debug|Any CPU
		{98F20CBA-B64F-4F14-A373-0F826BD0DA23}.Debug|x64.Build.0 = Debug|Any CPU
		{98F20CBA-B64F-4F14-A373-0F826BD0DA23}.Debug|x86.ActiveCfg = Debug|Any CPU
		{98F20CBA-B64F-4F14-A373-0F826BD0DA23}.Debug|x86.Build.0 = Debug|Any CPU
		{98F20CBA-B64F-4F14-A373-0F826BD0DA23}.Release|Any CPU.ActiveCfg = Release|Any CPU
		{98F20CBA-B64F-4F14-A373-0F826BD0DA23}.Release|Any CPU.Build.0 = Release|Any CPU
		{98F20CBA-B64F-4F14-A373-0F826BD0DA23}.Release|x64.ActiveCfg = Release|Any CPU
		{98F20CBA-B64F-4F14-A373-0F826BD0DA23}.Release|x64.Build.0 = Release|Any CPU
		{98F20CBA-B64F-4F14-A373-0F826BD0DA23}.Release|x86.ActiveCfg = Release|Any CPU
		{98F20CBA-B64F-4F14-A373-0F826BD0DA23}.Release|x86.Build.0 = Release|Any CPU
	EndGlobalSection
	GlobalSection(SolutionProperties) = preSolution
		HideSolutionNode = FALSE
	EndGlobalSection
	GlobalSection(ExtensibilityGlobals) = postSolution
		SolutionGuid = {22A26BD0-B4CD-4951-AE8D-45ED0537716C}
	EndGlobalSection
EndGlobal
